
Microsoft Visual Studio Solution File, Format Version 12.00
# Visual Studio 15
VisualStudioVersion = 15.0.27004.2006
MinimumVisualStudioVersion = 10.0.40219.1
Project("{FAE04EC0-301F-11D3-BF4B-00C04F79EFBC}") = "Jenkins.Net.Publishing", "Jenkins.Net.Publishing\Jenkins.Net.Publishing.csproj", "{3FA23981-FAAB-4E6B-AE63-B82AA837E50F}"
EndProject
Project("{9A19103F-16F7-4668-BE54-9A1E7A4F7556}") = "Jenkins.Net", "Jenkins.Net\Jenkins.Net.csproj", "{98AA153A-A40F-4C93-80DF-6B5848FB580F}"
EndProject
Project("{FAE04EC0-301F-11D3-BF4B-00C04F79EFBC}") = "Jenkins.Net.Tests", "Jenkins.Net.Tests\Jenkins.Net.Tests.csproj", "{C39D7FDD-F85E-4FEF-8E30-A23B04DD1787}"
EndProject
Global
	GlobalSection(SolutionConfigurationPlatforms) = preSolution
		Debug|Any CPU = Debug|Any CPU
		Release|Any CPU = Release|Any CPU
	EndGlobalSection
	GlobalSection(ProjectConfigurationPlatforms) = postSolution
		{3FA23981-FAAB-4E6B-AE63-B82AA837E50F}.Debug|Any CPU.ActiveCfg = Debug|Any CPU
		{3FA23981-FAAB-4E6B-AE63-B82AA837E50F}.Debug|Any CPU.Build.0 = Debug|Any CPU
		{3FA23981-FAAB-4E6B-AE63-B82AA837E50F}.Release|Any CPU.ActiveCfg = Release|Any CPU
		{3FA23981-FAAB-4E6B-AE63-B82AA837E50F}.Release|Any CPU.Build.0 = Release|Any CPU
		{98AA153A-A40F-4C93-80DF-6B5848FB580F}.Debug|Any CPU.ActiveCfg = Debug|Any CPU
		{98AA153A-A40F-4C93-80DF-6B5848FB580F}.Debug|Any CPU.Build.0 = Debug|Any CPU
		{98AA153A-A40F-4C93-80DF-6B5848FB580F}.Release|Any CPU.ActiveCfg = Release|Any CPU
		{98AA153A-A40F-4C93-80DF-6B5848FB580F}.Release|Any CPU.Build.0 = Release|Any CPU
		{C39D7FDD-F85E-4FEF-8E30-A23B04DD1787}.Debug|Any CPU.ActiveCfg = Debug|Any CPU
		{C39D7FDD-F85E-4FEF-8E30-A23B04DD1787}.Debug|Any CPU.Build.0 = Debug|Any CPU
		{C39D7FDD-F85E-4FEF-8E30-A23B04DD1787}.Release|Any CPU.ActiveCfg = Release|Any CPU
		{C39D7FDD-F85E-4FEF-8E30-A23B04DD1787}.Release|Any CPU.Build.0 = Release|Any CPU
	EndGlobalSection
	GlobalSection(SolutionProperties) = preSolution
		HideSolutionNode = FALSE
	EndGlobalSection
	GlobalSection(ExtensibilityGlobals) = postSolution
		SolutionGuid = {CC697981-A7DC-4718-B5D0-213540DCE6DE}
	EndGlobalSection
EndGlobal
